// !$*UTF8*$!
{
	archiveVersion = 1;
	classes = {
	};
	objectVersion = 77;
	objects = {

/* Begin PBXBuildFile section */
		C713F58E2ECDC48E0073886E /* UserResult+CoreDataClass.swift in Sources */ = {isa = PBXBuildFile; fileRef = C713F58A2ECDC48E0073886E /* UserResult+CoreDataClass.swift */; };
		C713F58F2ECDC48E0073886E /* UserResult+CoreDataProperties.swift in Sources */ = {isa = PBXBuildFile; fileRef = C713F58B2ECDC48E0073886E /* UserResult+CoreDataProperties.swift */; };
		C713F5902ECDC48E0073886E /* Workout+CoreDataClass.swift in Sources */ = {isa = PBXBuildFile; fileRef = C713F58C2ECDC48E0073886E /* Workout+CoreDataClass.swift */; };
		C713F5912ECDC48E0073886E /* Workout+CoreDataProperties.swift in Sources */ = {isa = PBXBuildFile; fileRef = C713F58D2ECDC48E0073886E /* Workout+CoreDataProperties.swift */; };
		C713F5942ECDE6AA0073886E /* WorkoutSelectedModel.swift in Sources */ = {isa = PBXBuildFile; fileRef = C713F5922ECDE6AA0073886E /* WorkoutSelectedModel.swift */; };
		C713F5D12ECE01860073886E /* LeaderboardDataManager.swift in Sources */ = {isa = PBXBuildFile; fileRef = C713F5D02ECE01860073886E /* LeaderboardDataManager.swift */; };
		C71769462EC991B9003BCC98 /* WorkoutsListModel.swift in Sources */ = {isa = PBXBuildFile; fileRef = C71769452EC991B9003BCC98 /* WorkoutsListModel.swift */; };
		C71769482EC9AA02003BCC98 /* WorkoutsListPresenter.swift in Sources */ = {isa = PBXBuildFile; fileRef = C71769472EC9AA02003BCC98 /* WorkoutsListPresenter.swift */; };
		C7186D652ECCCDE6008CFE32 /* LeaderboardPresenter.swift in Sources */ = {isa = PBXBuildFile; fileRef = C7186D642ECCCDE6008CFE32 /* LeaderboardPresenter.swift */; };
		C74296A32ED016FD00513244 /* NetworkManager.swift in Sources */ = {isa = PBXBuildFile; fileRef = C74296A22ED016FD00513244 /* NetworkManager.swift */; };
		C7605EE62ED0C575000C11F5 /* TextConstants.swift in Sources */ = {isa = PBXBuildFile; fileRef = C7605EE52ED0C575000C11F5 /* TextConstants.swift */; };
		C7605EE82ED0C751000C11F5 /* TextConstantsNetworkManager.swift in Sources */ = {isa = PBXBuildFile; fileRef = C7605EE72ED0C751000C11F5 /* TextConstantsNetworkManager.swift */; };
		C77C3DEB2EC7763F00ABCD93 /* Assets.xcassets in Resources */ = {isa = PBXBuildFile; fileRef = C77C3DE22EC7763F00ABCD93 /* Assets.xcassets */; };
		C77C3DED2EC7763F00ABCD93 /* LaunchScreen.storyboard in Resources */ = {isa = PBXBuildFile; fileRef = C77C3DE52EC7763F00ABCD93 /* LaunchScreen.storyboard */; };
		C77C3DEE2EC7763F00ABCD93 /* AppDelegate.swift in Sources */ = {isa = PBXBuildFile; fileRef = C77C3DE12EC7763F00ABCD93 /* AppDelegate.swift */; };
		C77C3DEF2EC7763F00ABCD93 /* LeaderboardHusky.xcdatamodeld in Sources */ = {isa = PBXBuildFile; fileRef = C77C3DE62EC7763F00ABCD93 /* LeaderboardHusky.xcdatamodeld */; };
		C77C3DF02EC7763F00ABCD93 /* WorkoutsListViewController.swift in Sources */ = {isa = PBXBuildFile; fileRef = C77C3DE72EC7763F00ABCD93 /* WorkoutsListViewController.swift */; };
		C77C3DF12EC7763F00ABCD93 /* SceneDelegate.swift in Sources */ = {isa = PBXBuildFile; fileRef = C77C3DE82EC7763F00ABCD93 /* SceneDelegate.swift */; };
		C7AE19C12EC8512B00D8C2D8 /* AppCoordinator.swift in Sources */ = {isa = PBXBuildFile; fileRef = C7AE19C02EC8512B00D8C2D8 /* AppCoordinator.swift */; };
		C7AE19C62EC8519800D8C2D8 /* ICoordinator.swift in Sources */ = {isa = PBXBuildFile; fileRef = C7AE19C42EC8519800D8C2D8 /* ICoordinator.swift */; };
		C7AE19C92EC8542E00D8C2D8 /* TrainingCoordinator.swift in Sources */ = {isa = PBXBuildFile; fileRef = C7AE19C82EC8542E00D8C2D8 /* TrainingCoordinator.swift */; };
		C7AE19CD2EC859F900D8C2D8 /* CoordinatorFactory.swift in Sources */ = {isa = PBXBuildFile; fileRef = C7AE19CC2EC859F900D8C2D8 /* CoordinatorFactory.swift */; };
		C7AE19D22EC8802D00D8C2D8 /* ScreenFactory.swift in Sources */ = {isa = PBXBuildFile; fileRef = C7AE19D12EC8802D00D8C2D8 /* ScreenFactory.swift */; };
		C7AE19D72EC892F800D8C2D8 /* WorkoutsListView.swift in Sources */ = {isa = PBXBuildFile; fileRef = C7AE19D62EC892F800D8C2D8 /* WorkoutsListView.swift */; };
		C7AE19DA2EC896CE00D8C2D8 /* SnapKit in Frameworks */ = {isa = PBXBuildFile; productRef = C7AE19D92EC896CE00D8C2D8 /* SnapKit */; };
		C7AE19DC2EC8A77200D8C2D8 /* WorkoutsListCollectionViewCell.swift in Sources */ = {isa = PBXBuildFile; fileRef = C7AE19DB2EC8A77200D8C2D8 /* WorkoutsListCollectionViewCell.swift */; };
		C7C5AA862ECA1F870078F182 /* WorkoutSelectedViewController.swift in Sources */ = {isa = PBXBuildFile; fileRef = C7C5AA852ECA1F870078F182 /* WorkoutSelectedViewController.swift */; };
		C7D1BAD72ECAB76800230CF2 /* WorkoutSelectedView.swift in Sources */ = {isa = PBXBuildFile; fileRef = C7D1BAD62ECAB76800230CF2 /* WorkoutSelectedView.swift */; };
		C7D1BADB2ECAD89A00230CF2 /* WorkoutSelectedPresenter.swift in Sources */ = {isa = PBXBuildFile; fileRef = C7D1BADA2ECAD89A00230CF2 /* WorkoutSelectedPresenter.swift */; };
		C7D1BAE12ECC2EE300230CF2 /* LeaderboardView.swift in Sources */ = {isa = PBXBuildFile; fileRef = C7D1BAE02ECC2EE300230CF2 /* LeaderboardView.swift */; };
		C7D1BAE32ECC2EF700230CF2 /* LeaderboardViewController.swift in Sources */ = {isa = PBXBuildFile; fileRef = C7D1BAE22ECC2EF700230CF2 /* LeaderboardViewController.swift */; };
		C7D1BAE72ECC400400230CF2 /* LeaderboardTableViewCell.swift in Sources */ = {isa = PBXBuildFile; fileRef = C7D1BAE62ECC400400230CF2 /* LeaderboardTableViewCell.swift */; };
		C7D1BAE92ECC648500230CF2 /* LeaderboardTableViewCellModel.swift in Sources */ = {isa = PBXBuildFile; fileRef = C7D1BAE82ECC648500230CF2 /* LeaderboardTableViewCellModel.swift */; };
/* End PBXBuildFile section */

/* Begin PBXFileReference section */
		C713F58A2ECDC48E0073886E /* UserResult+CoreDataClass.swift */ = {isa = PBXFileReference; lastKnownFileType = sourcecode.swift; path = "UserResult+CoreDataClass.swift"; sourceTree = "<group>"; };
		C713F58B2ECDC48E0073886E /* UserResult+CoreDataProperties.swift */ = {isa = PBXFileReference; lastKnownFileType = sourcecode.swift; path = "UserResult+CoreDataProperties.swift"; sourceTree = "<group>"; };
		C713F58C2ECDC48E0073886E /* Workout+CoreDataClass.swift */ = {isa = PBXFileReference; lastKnownFileType = sourcecode.swift; path = "Workout+CoreDataClass.swift"; sourceTree = "<group>"; };
		C713F58D2ECDC48E0073886E /* Workout+CoreDataProperties.swift */ = {isa = PBXFileReference; lastKnownFileType = sourcecode.swift; path = "Workout+CoreDataProperties.swift"; sourceTree = "<group>"; };
		C713F5922ECDE6AA0073886E /* WorkoutSelectedModel.swift */ = {isa = PBXFileReference; lastKnownFileType = sourcecode.swift; path = WorkoutSelectedModel.swift; sourceTree = "<group>"; };
		C713F5D02ECE01860073886E /* LeaderboardDataManager.swift */ = {isa = PBXFileReference; lastKnownFileType = sourcecode.swift; path = LeaderboardDataManager.swift; sourceTree = "<group>"; };
		C71769452EC991B9003BCC98 /* WorkoutsListModel.swift */ = {isa = PBXFileReference; lastKnownFileType = sourcecode.swift; path = WorkoutsListModel.swift; sourceTree = "<group>"; };
		C71769472EC9AA02003BCC98 /* WorkoutsListPresenter.swift */ = {isa = PBXFileReference; lastKnownFileType = sourcecode.swift; path = WorkoutsListPresenter.swift; sourceTree = "<group>"; };
		C7186D642ECCCDE6008CFE32 /* LeaderboardPresenter.swift */ = {isa = PBXFileReference; lastKnownFileType = sourcecode.swift; path = LeaderboardPresenter.swift; sourceTree = "<group>"; };
		C74296A22ED016FD00513244 /* NetworkManager.swift */ = {isa = PBXFileReference; lastKnownFileType = sourcecode.swift; path = NetworkManager.swift; sourceTree = "<group>"; };
		C7605EE52ED0C575000C11F5 /* TextConstants.swift */ = {isa = PBXFileReference; lastKnownFileType = sourcecode.swift; path = TextConstants.swift; sourceTree = "<group>"; };
		C7605EE72ED0C751000C11F5 /* TextConstantsNetworkManager.swift */ = {isa = PBXFileReference; lastKnownFileType = sourcecode.swift; path = TextConstantsNetworkManager.swift; sourceTree = "<group>"; };
		C77C3D172EC76FB200ABCD93 /* LeaderboardHusky.app */ = {isa = PBXFileReference; explicitFileType = wrapper.application; includeInIndex = 0; path = LeaderboardHusky.app; sourceTree = BUILT_PRODUCTS_DIR; };
		C77C3DE12EC7763F00ABCD93 /* AppDelegate.swift */ = {isa = PBXFileReference; lastKnownFileType = sourcecode.swift; path = AppDelegate.swift; sourceTree = "<group>"; };
		C77C3DE22EC7763F00ABCD93 /* Assets.xcassets */ = {isa = PBXFileReference; lastKnownFileType = folder.assetcatalog; path = Assets.xcassets; sourceTree = "<group>"; };
		C77C3DE32EC7763F00ABCD93 /* Info.plist */ = {isa = PBXFileReference; lastKnownFileType = text.plist.xml; path = Info.plist; sourceTree = "<group>"; };
		C77C3DE42EC7763F00ABCD93 /* Base */ = {isa = PBXFileReference; lastKnownFileType = file.storyboard; name = Base; path = Base.lproj/LaunchScreen.storyboard; sourceTree = "<group>"; };
		C77C3DE72EC7763F00ABCD93 /* WorkoutsListViewController.swift */ = {isa = PBXFileReference; lastKnownFileType = sourcecode.swift; path = WorkoutsListViewController.swift; sourceTree = "<group>"; };
		C77C3DE82EC7763F00ABCD93 /* SceneDelegate.swift */ = {isa = PBXFileReference; lastKnownFileType = sourcecode.swift; path = SceneDelegate.swift; sourceTree = "<group>"; };
		C77C3DEA2EC7763F00ABCD93 /* LeaderboardHusky.xcdatamodel */ = {isa = PBXFileReference; lastKnownFileType = wrapper.xcdatamodel; path = LeaderboardHusky.xcdatamodel; sourceTree = "<group>"; };
		C7AE19C02EC8512B00D8C2D8 /* AppCoordinator.swift */ = {isa = PBXFileReference; lastKnownFileType = sourcecode.swift; path = AppCoordinator.swift; sourceTree = "<group>"; };
		C7AE19C42EC8519800D8C2D8 /* ICoordinator.swift */ = {isa = PBXFileReference; lastKnownFileType = sourcecode.swift; path = ICoordinator.swift; sourceTree = "<group>"; };
		C7AE19C82EC8542E00D8C2D8 /* TrainingCoordinator.swift */ = {isa = PBXFileReference; lastKnownFileType = sourcecode.swift; path = TrainingCoordinator.swift; sourceTree = "<group>"; };
		C7AE19CC2EC859F900D8C2D8 /* CoordinatorFactory.swift */ = {isa = PBXFileReference; lastKnownFileType = sourcecode.swift; path = CoordinatorFactory.swift; sourceTree = "<group>"; };
		C7AE19D12EC8802D00D8C2D8 /* ScreenFactory.swift */ = {isa = PBXFileReference; lastKnownFileType = sourcecode.swift; path = ScreenFactory.swift; sourceTree = "<group>"; };
		C7AE19D62EC892F800D8C2D8 /* WorkoutsListView.swift */ = {isa = PBXFileReference; lastKnownFileType = sourcecode.swift; path = WorkoutsListView.swift; sourceTree = "<group>"; };
		C7AE19DB2EC8A77200D8C2D8 /* WorkoutsListCollectionViewCell.swift */ = {isa = PBXFileReference; lastKnownFileType = sourcecode.swift; path = WorkoutsListCollectionViewCell.swift; sourceTree = "<group>"; };
		C7C5AA852ECA1F870078F182 /* WorkoutSelectedViewController.swift */ = {isa = PBXFileReference; lastKnownFileType = sourcecode.swift; path = WorkoutSelectedViewController.swift; sourceTree = "<group>"; };
		C7D1BAD62ECAB76800230CF2 /* WorkoutSelectedView.swift */ = {isa = PBXFileReference; lastKnownFileType = sourcecode.swift; path = WorkoutSelectedView.swift; sourceTree = "<group>"; };
		C7D1BADA2ECAD89A00230CF2 /* WorkoutSelectedPresenter.swift */ = {isa = PBXFileReference; lastKnownFileType = sourcecode.swift; path = WorkoutSelectedPresenter.swift; sourceTree = "<group>"; };
		C7D1BAE02ECC2EE300230CF2 /* LeaderboardView.swift */ = {isa = PBXFileReference; lastKnownFileType = sourcecode.swift; path = LeaderboardView.swift; sourceTree = "<group>"; };
		C7D1BAE22ECC2EF700230CF2 /* LeaderboardViewController.swift */ = {isa = PBXFileReference; lastKnownFileType = sourcecode.swift; path = LeaderboardViewController.swift; sourceTree = "<group>"; };
		C7D1BAE62ECC400400230CF2 /* LeaderboardTableViewCell.swift */ = {isa = PBXFileReference; lastKnownFileType = sourcecode.swift; path = LeaderboardTableViewCell.swift; sourceTree = "<group>"; };
		C7D1BAE82ECC648500230CF2 /* LeaderboardTableViewCellModel.swift */ = {isa = PBXFileReference; lastKnownFileType = sourcecode.swift; path = LeaderboardTableViewCellModel.swift; sourceTree = "<group>"; };
/* End PBXFileReference section */

/* Begin PBXFrameworksBuildPhase section */
		C77C3D142EC76FB200ABCD93 /* Frameworks */ = {
			isa = PBXFrameworksBuildPhase;
			buildActionMask = 2147483647;
			files = (
				C7AE19DA2EC896CE00D8C2D8 /* SnapKit in Frameworks */,
			);
			runOnlyForDeploymentPostprocessing = 0;
		};
/* End PBXFrameworksBuildPhase section */

/* Begin PBXGroup section */
		C713F5932ECDE6AA0073886E /* Model */ = {
			isa = PBXGroup;
			children = (
				C713F5922ECDE6AA0073886E /* WorkoutSelectedModel.swift */,
			);
			path = Model;
			sourceTree = "<group>";
		};
		C713F5CF2ECE01740073886E /* ServiceManager */ = {
			isa = PBXGroup;
			children = (
				C713F5D02ECE01860073886E /* LeaderboardDataManager.swift */,
			);
			path = ServiceManager;
			sourceTree = "<group>";
		};
		C71769492ECA100D003BCC98 /* WorkoutSelected */ = {
			isa = PBXGroup;
			children = (
				C713F5932ECDE6AA0073886E /* Model */,
				C717694B2ECA1046003BCC98 /* View */,
				C717694A2ECA103D003BCC98 /* Presenter */,
			);
			path = WorkoutSelected;
			sourceTree = "<group>";
		};
		C717694A2ECA103D003BCC98 /* Presenter */ = {
			isa = PBXGroup;
			children = (
				C7D1BADA2ECAD89A00230CF2 /* WorkoutSelectedPresenter.swift */,
			);
			path = Presenter;
			sourceTree = "<group>";
		};
		C717694B2ECA1046003BCC98 /* View */ = {
			isa = PBXGroup;
			children = (
				C7C5AA852ECA1F870078F182 /* WorkoutSelectedViewController.swift */,
				C7D1BAD62ECAB76800230CF2 /* WorkoutSelectedView.swift */,
			);
			path = View;
			sourceTree = "<group>";
		};
		C74296A12ED016E600513244 /* NetworkManager */ = {
			isa = PBXGroup;
			children = (
				C74296A22ED016FD00513244 /* NetworkManager.swift */,
			);
			path = NetworkManager;
			sourceTree = "<group>";
		};
		C7605EFD2ED0F118000C11F5 /* Utils */ = {
			isa = PBXGroup;
			children = (
				C7605EE52ED0C575000C11F5 /* TextConstants.swift */,
				C7605EE72ED0C751000C11F5 /* TextConstantsNetworkManager.swift */,
			);
			path = Utils;
			sourceTree = "<group>";
		};
		C77C3D0E2EC76FB200ABCD93 = {
			isa = PBXGroup;
			children = (
				C713F58A2ECDC48E0073886E /* UserResult+CoreDataClass.swift */,
				C713F58B2ECDC48E0073886E /* UserResult+CoreDataProperties.swift */,
				C713F58C2ECDC48E0073886E /* Workout+CoreDataClass.swift */,
				C713F58D2ECDC48E0073886E /* Workout+CoreDataProperties.swift */,
				C77C3DE92EC7763F00ABCD93 /* LeaderboardHusky */,
				C77C3D182EC76FB200ABCD93 /* Products */,
			);
			sourceTree = "<group>";
		};
		C77C3D182EC76FB200ABCD93 /* Products */ = {
			isa = PBXGroup;
			children = (
				C77C3D172EC76FB200ABCD93 /* LeaderboardHusky.app */,
			);
			name = Products;
			sourceTree = "<group>";
		};
		C77C3DE92EC7763F00ABCD93 /* LeaderboardHusky */ = {
			isa = PBXGroup;
			children = (
				C7605EFD2ED0F118000C11F5 /* Utils */,
				C77C3DF22EC7764300ABCD93 /* App */,
				C7AE19C32EC8517300D8C2D8 /* BaseProtocol */,
				C7AE19BF2EC8511400D8C2D8 /* Coordinators */,
				C7AE19C22EC8513C00D8C2D8 /* Factories */,
				C7AE19CE2EC8745D00D8C2D8 /* Modules */,
				C77C3DE22EC7763F00ABCD93 /* Assets.xcassets */,
				C77C3DE32EC7763F00ABCD93 /* Info.plist */,
				C77C3DE52EC7763F00ABCD93 /* LaunchScreen.storyboard */,
				C77C3DE62EC7763F00ABCD93 /* LeaderboardHusky.xcdatamodeld */,
			);
			path = LeaderboardHusky;
			sourceTree = "<group>";
		};
		C77C3DF22EC7764300ABCD93 /* App */ = {
			isa = PBXGroup;
			children = (
				C77C3DE12EC7763F00ABCD93 /* AppDelegate.swift */,
				C77C3DE82EC7763F00ABCD93 /* SceneDelegate.swift */,
			);
			path = App;
			sourceTree = "<group>";
		};
		C7AE19BF2EC8511400D8C2D8 /* Coordinators */ = {
			isa = PBXGroup;
			children = (
				C7AE19C02EC8512B00D8C2D8 /* AppCoordinator.swift */,
				C7AE19C82EC8542E00D8C2D8 /* TrainingCoordinator.swift */,
			);
			path = Coordinators;
			sourceTree = "<group>";
		};
		C7AE19C22EC8513C00D8C2D8 /* Factories */ = {
			isa = PBXGroup;
			children = (
				C7AE19CC2EC859F900D8C2D8 /* CoordinatorFactory.swift */,
				C7AE19D12EC8802D00D8C2D8 /* ScreenFactory.swift */,
			);
			path = Factories;
			sourceTree = "<group>";
		};
		C7AE19C32EC8517300D8C2D8 /* BaseProtocol */ = {
			isa = PBXGroup;
			children = (
				C7AE19C42EC8519800D8C2D8 /* ICoordinator.swift */,
			);
			path = BaseProtocol;
			sourceTree = "<group>";
		};
		C7AE19CE2EC8745D00D8C2D8 /* Modules */ = {
			isa = PBXGroup;
			children = (
				C7F1A9C42ECF5A0F0032BA03 /* LeaderboardModule */,
				C7AE19CF2EC8747700D8C2D8 /* WorkoutModule */,
			);
			path = Modules;
			sourceTree = "<group>";
		};
		C7AE19CF2EC8747700D8C2D8 /* WorkoutModule */ = {
			isa = PBXGroup;
			children = (
				C74296A12ED016E600513244 /* NetworkManager */,
				C71769492ECA100D003BCC98 /* WorkoutSelected */,
				C7AE19D02EC874EB00D8C2D8 /* WorkoutsList */,
			);
			path = WorkoutModule;
			sourceTree = "<group>";
		};
		C7AE19D02EC874EB00D8C2D8 /* WorkoutsList */ = {
			isa = PBXGroup;
			children = (
				C7AE19D32EC890FE00D8C2D8 /* Model */,
				C7AE19D42EC8910900D8C2D8 /* View */,
				C7AE19D52EC8910E00D8C2D8 /* Presenter */,
			);
			path = WorkoutsList;
			sourceTree = "<group>";
		};
		C7AE19D32EC890FE00D8C2D8 /* Model */ = {
			isa = PBXGroup;
			children = (
				C71769452EC991B9003BCC98 /* WorkoutsListModel.swift */,
			);
			path = Model;
			sourceTree = "<group>";
		};
		C7AE19D42EC8910900D8C2D8 /* View */ = {
			isa = PBXGroup;
			children = (
				C77C3DE72EC7763F00ABCD93 /* WorkoutsListViewController.swift */,
				C7AE19D62EC892F800D8C2D8 /* WorkoutsListView.swift */,
				C7AE19DB2EC8A77200D8C2D8 /* WorkoutsListCollectionViewCell.swift */,
			);
			path = View;
			sourceTree = "<group>";
		};
		C7AE19D52EC8910E00D8C2D8 /* Presenter */ = {
			isa = PBXGroup;
			children = (
				C71769472EC9AA02003BCC98 /* WorkoutsListPresenter.swift */,
			);
			path = Presenter;
			sourceTree = "<group>";
		};
		C7D1BADC2ECB6B1800230CF2 /* Leaderboard */ = {
			isa = PBXGroup;
			children = (
				C713F5CF2ECE01740073886E /* ServiceManager */,
				C7D1BADF2ECB6B3B00230CF2 /* Model */,
				C7D1BADE2ECB6B3300230CF2 /* View */,
				C7D1BADD2ECB6B2D00230CF2 /* Presenter */,
			);
			path = Leaderboard;
			sourceTree = "<group>";
		};
		C7D1BADD2ECB6B2D00230CF2 /* Presenter */ = {
			isa = PBXGroup;
			children = (
				C7186D642ECCCDE6008CFE32 /* LeaderboardPresenter.swift */,
			);
			path = Presenter;
			sourceTree = "<group>";
		};
		C7D1BADE2ECB6B3300230CF2 /* View */ = {
			isa = PBXGroup;
			children = (
				C7D1BAE02ECC2EE300230CF2 /* LeaderboardView.swift */,
				C7D1BAE62ECC400400230CF2 /* LeaderboardTableViewCell.swift */,
				C7D1BAE22ECC2EF700230CF2 /* LeaderboardViewController.swift */,
			);
			path = View;
			sourceTree = "<group>";
		};
		C7D1BADF2ECB6B3B00230CF2 /* Model */ = {
			isa = PBXGroup;
			children = (
				C7D1BAE82ECC648500230CF2 /* LeaderboardTableViewCellModel.swift */,
			);
			path = Model;
			sourceTree = "<group>";
		};
		C7F1A9C42ECF5A0F0032BA03 /* LeaderboardModule */ = {
			isa = PBXGroup;
			children = (
				C7D1BADC2ECB6B1800230CF2 /* Leaderboard */,
			);
			path = LeaderboardModule;
			sourceTree = "<group>";
		};
/* End PBXGroup section */

/* Begin PBXNativeTarget section */
		C77C3D162EC76FB200ABCD93 /* LeaderboardHusky */ = {
			isa = PBXNativeTarget;
			buildConfigurationList = C77C3D2D2EC76FB300ABCD93 /* Build configuration list for PBXNativeTarget "LeaderboardHusky" */;
			buildPhases = (
				C77C3D132EC76FB200ABCD93 /* Sources */,
				C77C3D142EC76FB200ABCD93 /* Frameworks */,
				C77C3D152EC76FB200ABCD93 /* Resources */,
			);
			buildRules = (
			);
			dependencies = (
			);
			name = LeaderboardHusky;
			packageProductDependencies = (
				C7AE19D92EC896CE00D8C2D8 /* SnapKit */,
			);
			productName = LeaderboardHusky;
			productReference = C77C3D172EC76FB200ABCD93 /* LeaderboardHusky.app */;
			productType = "com.apple.product-type.application";
		};
/* End PBXNativeTarget section */

/* Begin PBXProject section */
		C77C3D0F2EC76FB200ABCD93 /* Project object */ = {
			isa = PBXProject;
			attributes = {
				BuildIndependentTargetsInParallel = 1;
				LastSwiftUpdateCheck = 1640;
				LastUpgradeCheck = 1640;
				TargetAttributes = {
					C77C3D162EC76FB200ABCD93 = {
						CreatedOnToolsVersion = 16.4;
					};
				};
			};
			buildConfigurationList = C77C3D122EC76FB200ABCD93 /* Build configuration list for PBXProject "LeaderboardHusky" */;
			developmentRegion = en;
			hasScannedForEncodings = 0;
			knownRegions = (
				en,
				Base,
			);
			mainGroup = C77C3D0E2EC76FB200ABCD93;
			minimizedProjectReferenceProxies = 1;
			packageReferences = (
				C7AE19D82EC896CE00D8C2D8 /* XCRemoteSwiftPackageReference "SnapKit" */,
			);
			preferredProjectObjectVersion = 77;
			productRefGroup = C77C3D182EC76FB200ABCD93 /* Products */;
			projectDirPath = "";
			projectRoot = "";
			targets = (
				C77C3D162EC76FB200ABCD93 /* LeaderboardHusky */,
			);
		};
/* End PBXProject section */

/* Begin PBXResourcesBuildPhase section */
		C77C3D152EC76FB200ABCD93 /* Resources */ = {
			isa = PBXResourcesBuildPhase;
			buildActionMask = 2147483647;
			files = (
				C77C3DEB2EC7763F00ABCD93 /* Assets.xcassets in Resources */,
				C77C3DED2EC7763F00ABCD93 /* LaunchScreen.storyboard in Resources */,
			);
			runOnlyForDeploymentPostprocessing = 0;
		};
/* End PBXResourcesBuildPhase section */

/* Begin PBXSourcesBuildPhase section */
		C77C3D132EC76FB200ABCD93 /* Sources */ = {
			isa = PBXSourcesBuildPhase;
			buildActionMask = 2147483647;
			files = (
				C7AE19D72EC892F800D8C2D8 /* WorkoutsListView.swift in Sources */,
				C713F58E2ECDC48E0073886E /* UserResult+CoreDataClass.swift in Sources */,
				C713F58F2ECDC48E0073886E /* UserResult+CoreDataProperties.swift in Sources */,
				C713F5902ECDC48E0073886E /* Workout+CoreDataClass.swift in Sources */,
				C713F5912ECDC48E0073886E /* Workout+CoreDataProperties.swift in Sources */,
				C713F5D12ECE01860073886E /* LeaderboardDataManager.swift in Sources */,
				C7D1BAE32ECC2EF700230CF2 /* LeaderboardViewController.swift in Sources */,
				C77C3DEE2EC7763F00ABCD93 /* AppDelegate.swift in Sources */,
				C71769482EC9AA02003BCC98 /* WorkoutsListPresenter.swift in Sources */,
				C7D1BAD72ECAB76800230CF2 /* WorkoutSelectedView.swift in Sources */,
				C7D1BAE72ECC400400230CF2 /* LeaderboardTableViewCell.swift in Sources */,
				C74296A32ED016FD00513244 /* NetworkManager.swift in Sources */,
				C7605EE62ED0C575000C11F5 /* TextConstants.swift in Sources */,
				C77C3DEF2EC7763F00ABCD93 /* LeaderboardHusky.xcdatamodeld in Sources */,
				C7AE19C12EC8512B00D8C2D8 /* AppCoordinator.swift in Sources */,
				C71769462EC991B9003BCC98 /* WorkoutsListModel.swift in Sources */,
				C7AE19C62EC8519800D8C2D8 /* ICoordinator.swift in Sources */,
				C7C5AA862ECA1F870078F182 /* WorkoutSelectedViewController.swift in Sources */,
				C7D1BADB2ECAD89A00230CF2 /* WorkoutSelectedPresenter.swift in Sources */,
				C7605EE82ED0C751000C11F5 /* TextConstantsNetworkManager.swift in Sources */,
				C713F5942ECDE6AA0073886E /* WorkoutSelectedModel.swift in Sources */,
				C7AE19DC2EC8A77200D8C2D8 /* WorkoutsListCollectionViewCell.swift in Sources */,
				C7AE19D22EC8802D00D8C2D8 /* ScreenFactory.swift in Sources */,
				C7186D652ECCCDE6008CFE32 /* LeaderboardPresenter.swift in Sources */,
				C7AE19C92EC8542E00D8C2D8 /* TrainingCoordinator.swift in Sources */,
				C7D1BAE92ECC648500230CF2 /* LeaderboardTableViewCellModel.swift in Sources */,
				C7D1BAE12ECC2EE300230CF2 /* LeaderboardView.swift in Sources */,
				C7AE19CD2EC859F900D8C2D8 /* CoordinatorFactory.swift in Sources */,
				C77C3DF02EC7763F00ABCD93 /* WorkoutsListViewController.swift in Sources */,
				C77C3DF12EC7763F00ABCD93 /* SceneDelegate.swift in Sources */,
			);
			runOnlyForDeploymentPostprocessing = 0;
		};
/* End PBXSourcesBuildPhase section */

/* Begin PBXVariantGroup section */
		C77C3DE52EC7763F00ABCD93 /* LaunchScreen.storyboard */ = {
			isa = PBXVariantGroup;
			children = (
				C77C3DE42EC7763F00ABCD93 /* Base */,
			);
			name = LaunchScreen.storyboard;
			sourceTree = "<group>";
		};
/* End PBXVariantGroup section */

/* Begin XCBuildConfiguration section */
		C77C3D2E2EC76FB300ABCD93 /* Debug */ = {
			isa = XCBuildConfiguration;
			buildSettings = {
				ASSETCATALOG_COMPILER_APPICON_NAME = AppIcon;
				ASSETCATALOG_COMPILER_GLOBAL_ACCENT_COLOR_NAME = AccentColor;
				CODE_SIGN_STYLE = Automatic;
				CURRENT_PROJECT_VERSION = 1;
				GENERATE_INFOPLIST_FILE = YES;
				INFOPLIST_FILE = LeaderboardHusky/Info.plist;
				INFOPLIST_KEY_UIApplicationSupportsIndirectInputEvents = YES;
				INFOPLIST_KEY_UILaunchStoryboardName = LaunchScreen;
				INFOPLIST_KEY_UISupportedInterfaceOrientations = UIInterfaceOrientationPortrait;
				INFOPLIST_KEY_UISupportedInterfaceOrientations_iPad = "UIInterfaceOrientationLandscapeLeft UIInterfaceOrientationLandscapeRight UIInterfaceOrientationPortrait UIInterfaceOrientationPortraitUpsideDown";
				IPHONEOS_DEPLOYMENT_TARGET = 15.6;
				LD_RUNPATH_SEARCH_PATHS = (
					"$(inherited)",
					"@executable_path/Frameworks",
				);
				MARKETING_VERSION = 1.0;
				PRODUCT_BUNDLE_IDENTIFIER = "Tatiana-Gulevich.LeaderboardHusky";
				PRODUCT_NAME = "$(TARGET_NAME)";
				SUPPORTED_PLATFORMS = "iphoneos iphonesimulator";
				SUPPORTS_MACCATALYST = NO;
				SUPPORTS_MAC_DESIGNED_FOR_IPHONE_IPAD = NO;
				SUPPORTS_XR_DESIGNED_FOR_IPHONE_IPAD = NO;
				SWIFT_EMIT_LOC_STRINGS = YES;
				SWIFT_VERSION = 5.0;
				TARGETED_DEVICE_FAMILY = 1;
			};
			name = Debug;
		};
		C77C3D2F2EC76FB300ABCD93 /* Release */ = {
			isa = XCBuildConfiguration;
			buildSettings = {
				ASSETCATALOG_COMPILER_APPICON_NAME = AppIcon;
				ASSETCATALOG_COMPILER_GLOBAL_ACCENT_COLOR_NAME = AccentColor;
				CODE_SIGN_STYLE = Automatic;
				CURRENT_PROJECT_VERSION = 1;
				GENERATE_INFOPLIST_FILE = YES;
				INFOPLIST_FILE = LeaderboardHusky/Info.plist;
				INFOPLIST_KEY_UIApplicationSupportsIndirectInputEvents = YES;
				INFOPLIST_KEY_UILaunchStoryboardName = LaunchScreen;
				INFOPLIST_KEY_UISupportedInterfaceOrientations = UIInterfaceOrientationPortrait;
				INFOPLIST_KEY_UISupportedInterfaceOrientations_iPad = "UIInterfaceOrientationLandscapeLeft UIInterfaceOrientationLandscapeRight UIInterfaceOrientationPortrait UIInterfaceOrientationPortraitUpsideDown";
				IPHONEOS_DEPLOYMENT_TARGET = 15.6;
				LD_RUNPATH_SEARCH_PATHS = (
					"$(inherited)",
					"@executable_path/Frameworks",
				);
				MARKETING_VERSION = 1.0;
				PRODUCT_BUNDLE_IDENTIFIER = "Tatiana-Gulevich.LeaderboardHusky";
				PRODUCT_NAME = "$(TARGET_NAME)";
				SUPPORTED_PLATFORMS = "iphoneos iphonesimulator";
				SUPPORTS_MACCATALYST = NO;
				SUPPORTS_MAC_DESIGNED_FOR_IPHONE_IPAD = NO;
				SUPPORTS_XR_DESIGNED_FOR_IPHONE_IPAD = NO;
				SWIFT_EMIT_LOC_STRINGS = YES;
				SWIFT_VERSION = 5.0;
				TARGETED_DEVICE_FAMILY = 1;
			};
			name = Release;
		};
		C77C3D302EC76FB300ABCD93 /* Debug */ = {
			isa = XCBuildConfiguration;
			buildSettings = {
				ALWAYS_SEARCH_USER_PATHS = NO;
				ASSETCATALOG_COMPILER_GENERATE_SWIFT_ASSET_SYMBOL_EXTENSIONS = YES;
				CLANG_ANALYZER_NONNULL = YES;
				CLANG_ANALYZER_NUMBER_OBJECT_CONVERSION = YES_AGGRESSIVE;
				CLANG_CXX_LANGUAGE_STANDARD = "gnu++20";
				CLANG_ENABLE_MODULES = YES;
				CLANG_ENABLE_OBJC_ARC = YES;
				CLANG_ENABLE_OBJC_WEAK = YES;
				CLANG_WARN_BLOCK_CAPTURE_AUTORELEASING = YES;
				CLANG_WARN_BOOL_CONVERSION = YES;
				CLANG_WARN_COMMA = YES;
				CLANG_WARN_CONSTANT_CONVERSION = YES;
				CLANG_WARN_DEPRECATED_OBJC_IMPLEMENTATIONS = YES;
				CLANG_WARN_DIRECT_OBJC_ISA_USAGE = YES_ERROR;
				CLANG_WARN_DOCUMENTATION_COMMENTS = YES;
				CLANG_WARN_EMPTY_BODY = YES;
				CLANG_WARN_ENUM_CONVERSION = YES;
				CLANG_WARN_INFINITE_RECURSION = YES;
				CLANG_WARN_INT_CONVERSION = YES;
				CLANG_WARN_NON_LITERAL_NULL_CONVERSION = YES;
				CLANG_WARN_OBJC_IMPLICIT_RETAIN_SELF = YES;
				CLANG_WARN_OBJC_LITERAL_CONVERSION = YES;
				CLANG_WARN_OBJC_ROOT_CLASS = YES_ERROR;
				CLANG_WARN_QUOTED_INCLUDE_IN_FRAMEWORK_HEADER = YES;
				CLANG_WARN_RANGE_LOOP_ANALYSIS = YES;
				CLANG_WARN_STRICT_PROTOTYPES = YES;
				CLANG_WARN_SUSPICIOUS_MOVE = YES;
				CLANG_WARN_UNGUARDED_AVAILABILITY = YES_AGGRESSIVE;
				CLANG_WARN_UNREACHABLE_CODE = YES;
				CLANG_WARN__DUPLICATE_METHOD_MATCH = YES;
				COPY_PHASE_STRIP = NO;
				DEBUG_INFORMATION_FORMAT = dwarf;
				ENABLE_STRICT_OBJC_MSGSEND = YES;
				ENABLE_TESTABILITY = YES;
				ENABLE_USER_SCRIPT_SANDBOXING = YES;
				GCC_C_LANGUAGE_STANDARD = gnu17;
				GCC_DYNAMIC_NO_PIC = NO;
				GCC_NO_COMMON_BLOCKS = YES;
				GCC_OPTIMIZATION_LEVEL = 0;
				GCC_PREPROCESSOR_DEFINITIONS = (
					"DEBUG=1",
					"$(inherited)",
				);
				GCC_WARN_64_TO_32_BIT_CONVERSION = YES;
				GCC_WARN_ABOUT_RETURN_TYPE = YES_ERROR;
				GCC_WARN_UNDECLARED_SELECTOR = YES;
				GCC_WARN_UNINITIALIZED_AUTOS = YES_AGGRESSIVE;
				GCC_WARN_UNUSED_FUNCTION = YES;
				GCC_WARN_UNUSED_VARIABLE = YES;
				IPHONEOS_DEPLOYMENT_TARGET = 18.5;
				LOCALIZATION_PREFERS_STRING_CATALOGS = YES;
				MTL_ENABLE_DEBUG_INFO = INCLUDE_SOURCE;
				MTL_FAST_MATH = YES;
				ONLY_ACTIVE_ARCH = YES;
				SDKROOT = iphoneos;
				SWIFT_ACTIVE_COMPILATION_CONDITIONS = "DEBUG $(inherited)";
				SWIFT_OPTIMIZATION_LEVEL = "-Onone";
			};
			name = Debug;
		};
		C77C3D312EC76FB300ABCD93 /* Release */ = {
			isa = XCBuildConfiguration;
			buildSettings = {
				ALWAYS_SEARCH_USER_PATHS = NO;
				ASSETCATALOG_COMPILER_GENERATE_SWIFT_ASSET_SYMBOL_EXTENSIONS = YES;
				CLANG_ANALYZER_NONNULL = YES;
				CLANG_ANALYZER_NUMBER_OBJECT_CONVERSION = YES_AGGRESSIVE;
				CLANG_CXX_LANGUAGE_STANDARD = "gnu++20";
				CLANG_ENABLE_MODULES = YES;
				CLANG_ENABLE_OBJC_ARC = YES;
				CLANG_ENABLE_OBJC_WEAK = YES;
				CLANG_WARN_BLOCK_CAPTURE_AUTORELEASING = YES;
				CLANG_WARN_BOOL_CONVERSION = YES;
				CLANG_WARN_COMMA = YES;
				CLANG_WARN_CONSTANT_CONVERSION = YES;
				CLANG_WARN_DEPRECATED_OBJC_IMPLEMENTATIONS = YES;
				CLANG_WARN_DIRECT_OBJC_ISA_USAGE = YES_ERROR;
				CLANG_WARN_DOCUMENTATION_COMMENTS = YES;
				CLANG_WARN_EMPTY_BODY = YES;
				CLANG_WARN_ENUM_CONVERSION = YES;
				CLANG_WARN_INFINITE_RECURSION = YES;
				CLANG_WARN_INT_CONVERSION = YES;
				CLANG_WARN_NON_LITERAL_NULL_CONVERSION = YES;
				CLANG_WARN_OBJC_IMPLICIT_RETAIN_SELF = YES;
				CLANG_WARN_OBJC_LITERAL_CONVERSION = YES;
				CLANG_WARN_OBJC_ROOT_CLASS = YES_ERROR;
				CLANG_WARN_QUOTED_INCLUDE_IN_FRAMEWORK_HEADER = YES;
				CLANG_WARN_RANGE_LOOP_ANALYSIS = YES;
				CLANG_WARN_STRICT_PROTOTYPES = YES;
				CLANG_WARN_SUSPICIOUS_MOVE = YES;
				CLANG_WARN_UNGUARDED_AVAILABILITY = YES_AGGRESSIVE;
				CLANG_WARN_UNREACHABLE_CODE = YES;
				CLANG_WARN__DUPLICATE_METHOD_MATCH = YES;
				COPY_PHASE_STRIP = NO;
				DEBUG_INFORMATION_FORMAT = "dwarf-with-dsym";
				ENABLE_NS_ASSERTIONS = NO;
				ENABLE_STRICT_OBJC_MSGSEND = YES;
				ENABLE_USER_SCRIPT_SANDBOXING = YES;
				GCC_C_LANGUAGE_STANDARD = gnu17;
				GCC_NO_COMMON_BLOCKS = YES;
				GCC_WARN_64_TO_32_BIT_CONVERSION = YES;
				GCC_WARN_ABOUT_RETURN_TYPE = YES_ERROR;
				GCC_WARN_UNDECLARED_SELECTOR = YES;
				GCC_WARN_UNINITIALIZED_AUTOS = YES_AGGRESSIVE;
				GCC_WARN_UNUSED_FUNCTION = YES;
				GCC_WARN_UNUSED_VARIABLE = YES;
				IPHONEOS_DEPLOYMENT_TARGET = 18.5;
				LOCALIZATION_PREFERS_STRING_CATALOGS = YES;
				MTL_ENABLE_DEBUG_INFO = NO;
				MTL_FAST_MATH = YES;
				SDKROOT = iphoneos;
				SWIFT_COMPILATION_MODE = wholemodule;
				VALIDATE_PRODUCT = YES;
			};
			name = Release;
		};
/* End XCBuildConfiguration section */

/* Begin XCConfigurationList section */
		C77C3D122EC76FB200ABCD93 /* Build configuration list for PBXProject "LeaderboardHusky" */ = {
			isa = XCConfigurationList;
			buildConfigurations = (
				C77C3D302EC76FB300ABCD93 /* Debug */,
				C77C3D312EC76FB300ABCD93 /* Release */,
			);
			defaultConfigurationIsVisible = 0;
			defaultConfigurationName = Release;
		};
		C77C3D2D2EC76FB300ABCD93 /* Build configuration list for PBXNativeTarget "LeaderboardHusky" */ = {
			isa = XCConfigurationList;
			buildConfigurations = (
				C77C3D2E2EC76FB300ABCD93 /* Debug */,
				C77C3D2F2EC76FB300ABCD93 /* Release */,
			);
			defaultConfigurationIsVisible = 0;
			defaultConfigurationName = Release;
		};
/* End XCConfigurationList section */

/* Begin XCRemoteSwiftPackageReference section */
		C7AE19D82EC896CE00D8C2D8 /* XCRemoteSwiftPackageReference "SnapKit" */ = {
			isa = XCRemoteSwiftPackageReference;
			repositoryURL = "https://github.com/SnapKit/SnapKit.git";
			requirement = {
				kind = upToNextMajorVersion;
				minimumVersion = 5.7.1;
			};
		};
/* End XCRemoteSwiftPackageReference section */

/* Begin XCSwiftPackageProductDependency section */
		C7AE19D92EC896CE00D8C2D8 /* SnapKit */ = {
			isa = XCSwiftPackageProductDependency;
			package = C7AE19D82EC896CE00D8C2D8 /* XCRemoteSwiftPackageReference "SnapKit" */;
			productName = SnapKit;
		};
/* End XCSwiftPackageProductDependency section */

/* Begin XCVersionGroup section */
		C77C3DE62EC7763F00ABCD93 /* LeaderboardHusky.xcdatamodeld */ = {
			isa = XCVersionGroup;
			children = (
				C77C3DEA2EC7763F00ABCD93 /* LeaderboardHusky.xcdatamodel */,
			);
			currentVersion = C77C3DEA2EC7763F00ABCD93 /* LeaderboardHusky.xcdatamodel */;
			path = LeaderboardHusky.xcdatamodeld;
			sourceTree = "<group>";
			versionGroupType = wrapper.xcdatamodel;
		};
/* End XCVersionGroup section */
	};
	rootObject = C77C3D0F2EC76FB200ABCD93 /* Project object */;
}
